
Microsoft Visual Studio Solution File, Format Version 12.00
# Visual Studio Version 17
VisualStudioVersion = 17.12.35527.113 d17.12
MinimumVisualStudioVersion = 10.0.40219.1
Project("{888888A0-9F3D-457C-B088-3A5042F75D52}") = "SynergyLesson#4Task2", "SynergyLesson#4Task2\SynergyLesson#4Task2.pyproj", "{8827A954-5339-43FB-A3C8-573EBB5AE2A5}"
EndProject
Global
	GlobalSection(SolutionConfigurationPlatforms) = preSolution
		Debug|Any CPU = Debug|Any CPU
		Release|Any CPU = Release|Any CPU
	EndGlobalSection
	GlobalSection(ProjectConfigurationPlatforms) = postSolution
		{8827A954-5339-43FB-A3C8-573EBB5AE2A5}.Debug|Any CPU.ActiveCfg = Debug|Any CPU
		{8827A954-5339-43FB-A3C8-573EBB5AE2A5}.Release|Any CPU.ActiveCfg = Release|Any CPU
	EndGlobalSection
	GlobalSection(SolutionProperties) = preSolution
		HideSolutionNode = FALSE
	EndGlobalSection
EndGlobal
